
Microsoft Visual Studio Solution File, Format Version 12.00
# Visual Studio Version 17
VisualStudioVersion = 17.8.34511.84
MinimumVisualStudioVersion = 10.0.40219.1
Project("{9A19103F-16F7-4668-BE54-9A1E7A4F7556}") = "BadmintonStars.Domain", "BadmintonStars.Domain\BadmintonStars.Domain.csproj", "{3C71A965-7BE2-4AE2-A7A4-067D6901218A}"
EndProject
Project("{9A19103F-16F7-4668-BE54-9A1E7A4F7556}") = "BadmintonStars.Application", "BadmintonStars.Application\BadmintonStars.Application.csproj", "{8BB7A4F3-0C19-471E-93C6-35F656F11D8F}"
EndProject
Project("{9A19103F-16F7-4668-BE54-9A1E7A4F7556}") = "BadmintonStars.Infrastructure", "BadmintonStars.Infrastructure\BadmintonStars.Infrastructure.csproj", "{B6AAD11E-2CD3-4CFB-AFE6-DBC497C6F251}"
EndProject
Project("{FAE04EC0-301F-11D3-BF4B-00C04F79EFBC}") = "BadmintonStars.API", "BadmintonStars.API\BadmintonStars.API.csproj", "{87FE77EB-8987-4D5B-8069-94A768497E2D}"
EndProject
Global
	GlobalSection(SolutionConfigurationPlatforms) = preSolution
		Debug|Any CPU = Debug|Any CPU
		Release|Any CPU = Release|Any CPU
	EndGlobalSection
	GlobalSection(ProjectConfigurationPlatforms) = postSolution
		{3C71A965-7BE2-4AE2-A7A4-067D6901218A}.Debug|Any CPU.ActiveCfg = Debug|Any CPU
		{3C71A965-7BE2-4AE2-A7A4-067D6901218A}.Debug|Any CPU.Build.0 = Debug|Any CPU
		{3C71A965-7BE2-4AE2-A7A4-067D6901218A}.Release|Any CPU.ActiveCfg = Release|Any CPU
		{3C71A965-7BE2-4AE2-A7A4-067D6901218A}.Release|Any CPU.Build.0 = Release|Any CPU
		{8BB7A4F3-0C19-471E-93C6-35F656F11D8F}.Debug|Any CPU.ActiveCfg = Debug|Any CPU
		{8BB7A4F3-0C19-471E-93C6-35F656F11D8F}.Debug|Any CPU.Build.0 = Debug|Any CPU
		{8BB7A4F3-0C19-471E-93C6-35F656F11D8F}.Release|Any CPU.ActiveCfg = Release|Any CPU
		{8BB7A4F3-0C19-471E-93C6-35F656F11D8F}.Release|Any CPU.Build.0 = Release|Any CPU
		{B6AAD11E-2CD3-4CFB-AFE6-DBC497C6F251}.Debug|Any CPU.ActiveCfg = Debug|Any CPU
		{B6AAD11E-2CD3-4CFB-AFE6-DBC497C6F251}.Debug|Any CPU.Build.0 = Debug|Any CPU
		{B6AAD11E-2CD3-4CFB-AFE6-DBC497C6F251}.Release|Any CPU.ActiveCfg = Release|Any CPU
		{B6AAD11E-2CD3-4CFB-AFE6-DBC497C6F251}.Release|Any CPU.Build.0 = Release|Any CPU
		{87FE77EB-8987-4D5B-8069-94A768497E2D}.Debug|Any CPU.ActiveCfg = Debug|Any CPU
		{87FE77EB-8987-4D5B-8069-94A768497E2D}.Debug|Any CPU.Build.0 = Debug|Any CPU
		{87FE77EB-8987-4D5B-8069-94A768497E2D}.Release|Any CPU.ActiveCfg = Release|Any CPU
		{87FE77EB-8987-4D5B-8069-94A768497E2D}.Release|Any CPU.Build.0 = Release|Any CPU
	EndGlobalSection
	GlobalSection(SolutionProperties) = preSolution
		HideSolutionNode = FALSE
	EndGlobalSection
	GlobalSection(ExtensibilityGlobals) = postSolution
		SolutionGuid = {CAD03F5A-EDAA-4202-A4A7-B07786BFCF5A}
	EndGlobalSection
EndGlobal
